PODS:
  - iosMath (0.9.4)
  - RxCocoa (5.0.0):
    - RxRelay (~> 5)
    - RxSwift (~> 5)
  - RxRelay (5.0.0):
    - RxSwift (~> 5)
  - RxSwift (5.0.0)

DEPENDENCIES:
  - iosMath (from `../`)
  - RxCocoa
  - RxRelay
  - RxSwift

SPEC REPOS:
  https://github.com/cocoapods/specs.git:
    - RxCocoa
    - RxRelay
    - RxSwift

EXTERNAL SOURCES:
  iosMath:
    :path: "../"

SPEC CHECKSUMS:
  iosMath: f7a6cbadf9d836d2149c2a84c435b1effc244cba
  RxCocoa: fcf32050ac00d801f34a7f71d5e8e7f23026dcd8
  RxRelay: 4f7409406a51a55cd88483f21ed898c234d60f18
  RxSwift: 8b0671caa829a763bbce7271095859121cbd895f

PODFILE CHECKSUM: c770c059502615884b9adc9b179f3a10df98ac76

COCOAPODS: 1.7.0.beta.2
